
Microsoft Visual Studio Solution File, Format Version 12.00
# Visual Studio Version 17
VisualStudioVersion = 17.5.002.0
MinimumVisualStudioVersion = 10.0.40219.1
Project("{9A19103F-16F7-4668-BE54-9A1E7A4F7556}") = "DatumApi", "DatumApi.csproj", "{AAE9392F-0CFC-4D0C-8DA9-D2CA5C9A2901}"
EndProject
Global
	GlobalSection(SolutionConfigurationPlatforms) = preSolution
		Debug|Any CPU = Debug|Any CPU
		Release|Any CPU = Release|Any CPU
	EndGlobalSection
	GlobalSection(ProjectConfigurationPlatforms) = postSolution
		{AAE9392F-0CFC-4D0C-8DA9-D2CA5C9A2901}.Debug|Any CPU.ActiveCfg = Debug|Any CPU
		{AAE9392F-0CFC-4D0C-8DA9-D2CA5C9A2901}.Debug|Any CPU.Build.0 = Debug|Any CPU
		{AAE9392F-0CFC-4D0C-8DA9-D2CA5C9A2901}.Release|Any CPU.ActiveCfg = Release|Any CPU
		{AAE9392F-0CFC-4D0C-8DA9-D2CA5C9A2901}.Release|Any CPU.Build.0 = Release|Any CPU
	EndGlobalSection
	GlobalSection(SolutionProperties) = preSolution
		HideSolutionNode = FALSE
	EndGlobalSection
	GlobalSection(ExtensibilityGlobals) = postSolution
		SolutionGuid = {10E60236-13E2-4137-909C-DDFCC0B7D8B4}
	EndGlobalSection
EndGlobal
